
Microsoft Visual Studio Solution File, Format Version 12.00
Project("{FAE04EC0-301F-11D3-BF4B-00C04F79EFBC}") = "Ant-Colony", "Ant-Colony\Ant-Colony.csproj", "{9BBC7339-D863-46B9-AB29-3F94847F91FA}"
EndProject
Global
	GlobalSection(SolutionConfigurationPlatforms) = preSolution
		Debug|Any CPU = Debug|Any CPU
		Release|Any CPU = Release|Any CPU
	EndGlobalSection
	GlobalSection(ProjectConfigurationPlatforms) = postSolution
		{9BBC7339-D863-46B9-AB29-3F94847F91FA}.Debug|Any CPU.ActiveCfg = Debug|Any CPU
		{9BBC7339-D863-46B9-AB29-3F94847F91FA}.Debug|Any CPU.Build.0 = Debug|Any CPU
		{9BBC7339-D863-46B9-AB29-3F94847F91FA}.Release|Any CPU.ActiveCfg = Release|Any CPU
		{9BBC7339-D863-46B9-AB29-3F94847F91FA}.Release|Any CPU.Build.0 = Release|Any CPU
	EndGlobalSection
EndGlobal
