
Microsoft Visual Studio Solution File, Format Version 12.00
# Visual Studio Version 18
VisualStudioVersion = 18.7.11919.86 stable
MinimumVisualStudioVersion = 10.0.40219.1
Project("{FAE04EC0-301F-11D3-BF4B-00C04F79EFBC}") = "Ant-Colony", "Ant-Colony\Ant-Colony.csproj", "{9BBC7339-D863-46B9-AB29-3F94847F91FA}"
EndProject
Project("{FAE04EC0-301F-11D3-BF4B-00C04F79EFBC}") = "AntColonyAutomatedTester", "AntColonyAutomatedTester\AntColonyAutomatedTester.csproj", "{3D3CC100-7E81-4F7B-8F89-0251DB7B4725}"
EndProject
Global
	GlobalSection(SolutionConfigurationPlatforms) = preSolution
		Debug|Any CPU = Debug|Any CPU
		Release|Any CPU = Release|Any CPU
	EndGlobalSection
	GlobalSection(ProjectConfigurationPlatforms) = postSolution
		{9BBC7339-D863-46B9-AB29-3F94847F91FA}.Debug|Any CPU.ActiveCfg = Debug|Any CPU
		{9BBC7339-D863-46B9-AB29-3F94847F91FA}.Debug|Any CPU.Build.0 = Debug|Any CPU
		{9BBC7339-D863-46B9-AB29-3F94847F91FA}.Release|Any CPU.ActiveCfg = Release|Any CPU
		{9BBC7339-D863-46B9-AB29-3F94847F91FA}.Release|Any CPU.Build.0 = Release|Any CPU
		{3D3CC100-7E81-4F7B-8F89-0251DB7B4725}.Debug|Any CPU.ActiveCfg = Debug|Any CPU
		{3D3CC100-7E81-4F7B-8F89-0251DB7B4725}.Debug|Any CPU.Build.0 = Debug|Any CPU
		{3D3CC100-7E81-4F7B-8F89-0251DB7B4725}.Release|Any CPU.ActiveCfg = Release|Any CPU
		{3D3CC100-7E81-4F7B-8F89-0251DB7B4725}.Release|Any CPU.Build.0 = Release|Any CPU
	EndGlobalSection
	GlobalSection(SolutionProperties) = preSolution
		HideSolutionNode = FALSE
	EndGlobalSection
	GlobalSection(ExtensibilityGlobals) = postSolution
		SolutionGuid = {BE3B2ED0-7CA0-4802-A852-1BBF310334CC}
	EndGlobalSection
EndGlobal
